{
  "name": "app",
  "lockfileVersion": 3,
  "requires": true,
  "packages": {
    "": {
      "dependencies": {
        "yean": "^0.20.2208164"
      }
    },
    "node_modules/yean": {
      "version": "0.20.2208164",
      "resolved": "https://registry.npmjs.org/yean/-/yean-0.20.2208164.tgz",
      "integrity": "sha512-UQRQc+BSoL4yDl3P0APiJb4AgTh+TPP6CQ7sO0BDCDBwG4+rAhA6BSJGXsDhVQR6zyK+o5vtMtNMGrkUKuj/Jw=="
    }
  }
}
